
Microsoft Visual Studio Solution File, Format Version 12.00
# Visual Studio Version 17
VisualStudioVersion = 17.4.33403.182
MinimumVisualStudioVersion = 10.0.40219.1
Project("{FAE04EC0-301F-11D3-BF4B-00C04F79EFBC}") = "KettoHatvany", "KettoHatvany\KettoHatvany.csproj", "{68547766-D799-495D-AC68-AAFC151A83F7}"
EndProject
Global
	GlobalSection(SolutionConfigurationPlatforms) = preSolution
		Debug|Any CPU = Debug|Any CPU
		Release|Any CPU = Release|Any CPU
	EndGlobalSection
	GlobalSection(ProjectConfigurationPlatforms) = postSolution
		{68547766-D799-495D-AC68-AAFC151A83F7}.Debug|Any CPU.ActiveCfg = Debug|Any CPU
		{68547766-D799-495D-AC68-AAFC151A83F7}.Debug|Any CPU.Build.0 = Debug|Any CPU
		{68547766-D799-495D-AC68-AAFC151A83F7}.Release|Any CPU.ActiveCfg = Release|Any CPU
		{68547766-D799-495D-AC68-AAFC151A83F7}.Release|Any CPU.Build.0 = Release|Any CPU
	EndGlobalSection
	GlobalSection(SolutionProperties) = preSolution
		HideSolutionNode = FALSE
	EndGlobalSection
	GlobalSection(ExtensibilityGlobals) = postSolution
		SolutionGuid = {1E7D53FA-7A22-40CE-B1E8-A9820B934C03}
	EndGlobalSection
EndGlobal
